{
  "requires": true,
  "lockfileVersion": 1,
  "dependencies": {
    "miment": {
      "version": "0.0.8",
      "resolved": "https://registry.npmjs.org/miment/-/miment-0.0.8.tgz",
      "integrity": "sha512-DgSPod19486mdlVBs9GmfFn/ysyA5zRVzaOWNcSCE7LZauiauLyC6iNn33doONDsNVLgxzq79tcnodWMM4liXA=="
    }
  }
}
